{
  "name": "dnd-character-creator-workspace",
  "lockfileVersion": 3,
  "requires": true,
  "packages": {
    "": {
      "name": "dnd-character-creator-workspace",
      "devDependencies": {
        "febdnddata": "^1.0.0-09f6c01"
      }
    },
    "node_modules/febdnddata": {
      "version": "1.0.0-09f6c01",
      "resolved": "https://registry.npmjs.org/febdnddata/-/febdnddata-1.0.0-09f6c01.tgz",
      "integrity": "sha512-QQ7QxrE2BKyWEO+rg7Ke2Pc1M8iNrKUnJI1HCqaufU4eYC5GLMSI+HaUZfhe+nXJybhreI7PcrgO4T0wUNtJEw==",
      "dev": true,
      "license": "MIT"
    }
  }
}
